
Microsoft Visual Studio Solution File, Format Version 12.00
# Visual Studio 2012
Project("{8BC9CEB8-8B4A-11D0-8D11-00A0C91BC942}") = "Juego Trabajo Final", "Juego Trabajo Final\Juego Trabajo Final.vcxproj", "{27580CE7-4222-4C6D-B868-3B77175903AA}"
EndProject
Global
	GlobalSection(SolutionConfigurationPlatforms) = preSolution
		Debug|Win32 = Debug|Win32
		Release|Win32 = Release|Win32
	EndGlobalSection
	GlobalSection(ProjectConfigurationPlatforms) = postSolution
		{27580CE7-4222-4C6D-B868-3B77175903AA}.Debug|Win32.ActiveCfg = Debug|Win32
		{27580CE7-4222-4C6D-B868-3B77175903AA}.Debug|Win32.Build.0 = Debug|Win32
		{27580CE7-4222-4C6D-B868-3B77175903AA}.Release|Win32.ActiveCfg = Release|Win32
		{27580CE7-4222-4C6D-B868-3B77175903AA}.Release|Win32.Build.0 = Release|Win32
	EndGlobalSection
	GlobalSection(SolutionProperties) = preSolution
		HideSolutionNode = FALSE
	EndGlobalSection
EndGlobal
