<?xml version="1.0" encoding="utf-8"?>
<Project ToolsVersion="4.0" xmlns="http://schemas.microsoft.com/developer/msbuild/2003">
  <ItemGroup>
    <Filter Include="Source Files">
      <UniqueIdentifier>{4FC737F1-C7A5-4376-A066-2A32D752A2FF}</UniqueIdentifier>
      <Extensions>cpp;c;cc;cxx;def;odl;idl;hpj;bat;asm;asmx</Extensions>
    </Filter>
    <Filter Include="Header Files">
      <UniqueIdentifier>{93995380-89BD-4b04-88EB-625FBE52EBFB}</UniqueIdentifier>
      <Extensions>h;hpp;hxx;hm;inl;inc;xsd</Extensions>
    </Filter>
    <Filter Include="Resource Files">
      <UniqueIdentifier>{67DA6AB6-F800-4c08-8B7A-83BB121AAD01}</UniqueIdentifier>
      <Extensions>rc;ico;cur;bmp;dlg;rc2;rct;bin;rgs;gif;jpg;jpeg;jpe;resx;tiff;tif;png;wav;mfcribbon-ms</Extensions>
    </Filter>
  </ItemGroup>
  <ItemGroup>
    <ClCompile Include="MyForm.cpp">
      <Filter>Source Files</Filter>
    </ClCompile>
    <ClCompile Include="Personaje.cpp">
      <Filter>Source Files</Filter>
    </ClCompile>
    <ClCompile Include="Juego.cpp">
      <Filter>Source Files</Filter>
    </ClCompile>
    <ClCompile Include="Fondo.cpp">
      <Filter>Source Files</Filter>
    </ClCompile>
    <ClCompile Include="Bonus.cpp">
      <Filter>Source Files</Filter>
    </ClCompile>
    <ClCompile Include="Biberon.cpp">
      <Filter>Source Files</Filter>
    </ClCompile>
    <ClCompile Include="Paleta.cpp">
      <Filter>Source Files</Filter>
    </ClCompile>
    <ClCompile Include="ArrBonus.cpp">
      <Filter>Source Files</Filter>
    </ClCompile>
    <ClCompile Include="Obstaculo.cpp">
      <Filter>Source Files</Filter>
    </ClCompile>
    <ClCompile Include="Cuchillo.cpp">
      <Filter>Source Files</Filter>
    </ClCompile>
    <ClCompile Include="Tenedor.cpp">
      <Filter>Source Files</Filter>
    </ClCompile>
    <ClCompile Include="ArrObstaculos.cpp">
      <Filter>Source Files</Filter>
    </ClCompile>
    <ClCompile Include="Nubes.cpp">
      <Filter>Source Files</Filter>
    </ClCompile>
    <ClCompile Include="ArrNubes.cpp">
      <Filter>Source Files</Filter>
    </ClCompile>
    <ClCompile Include="Cuervo.cpp">
      <Filter>Source Files</Filter>
    </ClCompile>
    <ClCompile Include="Coin.cpp">
      <Filter>Source Files</Filter>
    </ClCompile>
    <ClCompile Include="Invader.cpp">
      <Filter>Source Files</Filter>
    </ClCompile>
    <ClCompile Include="Bala.cpp">
      <Filter>Source Files</Filter>
    </ClCompile>
    <ClCompile Include="BalaInvader.cpp">
      <Filter>Source Files</Filter>
    </ClCompile>
    <ClCompile Include="BalaPersonaje.cpp">
      <Filter>Source Files</Filter>
    </ClCompile>
    <ClCompile Include="ArrBalas.cpp">
      <Filter>Source Files</Filter>
    </ClCompile>
    <ClCompile Include="Caramelo1.cpp">
      <Filter>Source Files</Filter>
    </ClCompile>
    <ClCompile Include="Caramelo2.cpp">
      <Filter>Source Files</Filter>
    </ClCompile>
    <ClCompile Include="LifeUp.cpp">
      <Filter>Source Files</Filter>
    </ClCompile>
    <ClCompile Include="Rayo.cpp">
      <Filter>Source Files</Filter>
    </ClCompile>
    <ClCompile Include="Piedra.cpp">
      <Filter>Source Files</Filter>
    </ClCompile>
    <ClCompile Include="Tornado.cpp">
      <Filter>Source Files</Filter>
    </ClCompile>
    <ClCompile Include="Estrella.cpp">
      <Filter>Source Files</Filter>
    </ClCompile>
    <ClCompile Include="Hongo.cpp">
      <Filter>Source Files</Filter>
    </ClCompile>
  </ItemGroup>
  <ItemGroup>
    <ClInclude Include="MyForm.h">
      <Filter>Header Files</Filter>
    </ClInclude>
    <ClInclude Include="Personaje.h">
      <Filter>Header Files</Filter>
    </ClInclude>
    <ClInclude Include="Juego.h">
      <Filter>Header Files</Filter>
    </ClInclude>
    <ClInclude Include="Fondo.h">
      <Filter>Header Files</Filter>
    </ClInclude>
    <ClInclude Include="Bonus.h">
      <Filter>Header Files</Filter>
    </ClInclude>
    <ClInclude Include="Biberon.h">
      <Filter>Header Files</Filter>
    </ClInclude>
    <ClInclude Include="Paleta.h">
      <Filter>Header Files</Filter>
    </ClInclude>
    <ClInclude Include="ArrBonus.h">
      <Filter>Header Files</Filter>
    </ClInclude>
    <ClInclude Include="Obstaculo.h">
      <Filter>Header Files</Filter>
    </ClInclude>
    <ClInclude Include="Cuchillo.h">
      <Filter>Header Files</Filter>
    </ClInclude>
    <ClInclude Include="Tenedor.h">
      <Filter>Header Files</Filter>
    </ClInclude>
    <ClInclude Include="ArrObstaculos.h">
      <Filter>Header Files</Filter>
    </ClInclude>
    <ClInclude Include="Nubes.h">
      <Filter>Header Files</Filter>
    </ClInclude>
    <ClInclude Include="ArrNubes.h">
      <Filter>Header Files</Filter>
    </ClInclude>
    <ClInclude Include="Cuervo.h">
      <Filter>Header Files</Filter>
    </ClInclude>
    <ClInclude Include="Coin.h">
      <Filter>Header Files</Filter>
    </ClInclude>
    <ClInclude Include="Invader.h">
      <Filter>Header Files</Filter>
    </ClInclude>
    <ClInclude Include="Bala.h">
      <Filter>Header Files</Filter>
    </ClInclude>
    <ClInclude Include="BalaInvader.h">
      <Filter>Header Files</Filter>
    </ClInclude>
    <ClInclude Include="BalaPersonaje.h">
      <Filter>Header Files</Filter>
    </ClInclude>
    <ClInclude Include="ArrBalas.h">
      <Filter>Header Files</Filter>
    </ClInclude>
    <ClInclude Include="Caramelo1.h">
      <Filter>Header Files</Filter>
    </ClInclude>
    <ClInclude Include="Caramelo2.h">
      <Filter>Header Files</Filter>
    </ClInclude>
    <ClInclude Include="LifeUp.h">
      <Filter>Header Files</Filter>
    </ClInclude>
    <ClInclude Include="Rayo.h">
      <Filter>Header Files</Filter>
    </ClInclude>
    <ClInclude Include="Piedra.h">
      <Filter>Header Files</Filter>
    </ClInclude>
    <ClInclude Include="Tornado.h">
      <Filter>Header Files</Filter>
    </ClInclude>
    <ClInclude Include="Estrella.h">
      <Filter>Header Files</Filter>
    </ClInclude>
    <ClInclude Include="Hongo.h">
      <Filter>Header Files</Filter>
    </ClInclude>
  </ItemGroup>
  <ItemGroup>
    <EmbeddedResource Include="MyForm.resx">
      <Filter>Resource Files</Filter>
    </EmbeddedResource>
  </ItemGroup>
  <ItemGroup>
    <None Include="ClassDiagram.cd" />
  </ItemGroup>
</Project>